
Microsoft Visual Studio Solution File, Format Version 12.00
# Visual Studio Version 16
VisualStudioVersion = 16.0.30907.101
MinimumVisualStudioVersion = 15.0.26124.0
Project("{9A19103F-16F7-4668-BE54-9A1E7A4F7556}") = "TournamentsEnhanced", "TournamentsEnhanced.csproj", "{15C03D35-50AF-4913-81C5-AE5C6FE55EF0}"
EndProject
Project("{9A19103F-16F7-4668-BE54-9A1E7A4F7556}") = "TournamentsEnhancedTests", "test\TournamentsEnhancedTests.csproj", "{FA9FFFA8-E7D7-4DED-AF97-B6C98FB5F3E0}"
EndProject
Project("{FAE04EC0-301F-11D3-BF4B-00C04F79EFBC}") = "WrapperLib", "wrappers\WrapperLib.csproj", "{F1310181-1856-4758-99B2-003450268403}"
EndProject
Project("{2150E333-8FDC-42A3-9474-1A3956D46DE8}") = "wrappers", "wrappers", "{145D7278-009A-41B4-B468-9588A8997735}"
EndProject
Project("{FAE04EC0-301F-11D3-BF4B-00C04F79EFBC}") = "WrapperLibTests", "wrappers\test\WrapperLibTests.csproj", "{440DC2DC-5E14-4771-B90C-031324EEB267}"
EndProject
Global
	GlobalSection(SolutionConfigurationPlatforms) = preSolution
		Debug|Any CPU = Debug|Any CPU
		Debug|x64 = Debug|x64
		Debug|x86 = Debug|x86
		Release|Any CPU = Release|Any CPU
		Release|x64 = Release|x64
		Release|x86 = Release|x86
	EndGlobalSection
	GlobalSection(ProjectConfigurationPlatforms) = postSolution
		{15C03D35-50AF-4913-81C5-AE5C6FE55EF0}.Debug|Any CPU.ActiveCfg = Debug|Any CPU
		{15C03D35-50AF-4913-81C5-AE5C6FE55EF0}.Debug|Any CPU.Build.0 = Debug|Any CPU
		{15C03D35-50AF-4913-81C5-AE5C6FE55EF0}.Debug|x64.ActiveCfg = Debug|Any CPU
		{15C03D35-50AF-4913-81C5-AE5C6FE55EF0}.Debug|x64.Build.0 = Debug|Any CPU
		{15C03D35-50AF-4913-81C5-AE5C6FE55EF0}.Debug|x86.ActiveCfg = Debug|Any CPU
		{15C03D35-50AF-4913-81C5-AE5C6FE55EF0}.Debug|x86.Build.0 = Debug|Any CPU
		{15C03D35-50AF-4913-81C5-AE5C6FE55EF0}.Release|Any CPU.ActiveCfg = Release|Any CPU
		{15C03D35-50AF-4913-81C5-AE5C6FE55EF0}.Release|Any CPU.Build.0 = Release|Any CPU
		{15C03D35-50AF-4913-81C5-AE5C6FE55EF0}.Release|x64.ActiveCfg = Release|Any CPU
		{15C03D35-50AF-4913-81C5-AE5C6FE55EF0}.Release|x64.Build.0 = Release|Any CPU
		{15C03D35-50AF-4913-81C5-AE5C6FE55EF0}.Release|x86.ActiveCfg = Release|Any CPU
		{15C03D35-50AF-4913-81C5-AE5C6FE55EF0}.Release|x86.Build.0 = Release|Any CPU
		{FA9FFFA8-E7D7-4DED-AF97-B6C98FB5F3E0}.Debug|Any CPU.ActiveCfg = Debug|Any CPU
		{FA9FFFA8-E7D7-4DED-AF97-B6C98FB5F3E0}.Debug|Any CPU.Build.0 = Debug|Any CPU
		{FA9FFFA8-E7D7-4DED-AF97-B6C98FB5F3E0}.Debug|x64.ActiveCfg = Debug|Any CPU
		{FA9FFFA8-E7D7-4DED-AF97-B6C98FB5F3E0}.Debug|x64.Build.0 = Debug|Any CPU
		{FA9FFFA8-E7D7-4DED-AF97-B6C98FB5F3E0}.Debug|x86.ActiveCfg = Debug|Any CPU
		{FA9FFFA8-E7D7-4DED-AF97-B6C98FB5F3E0}.Debug|x86.Build.0 = Debug|Any CPU
		{FA9FFFA8-E7D7-4DED-AF97-B6C98FB5F3E0}.Release|Any CPU.ActiveCfg = Release|Any CPU
		{FA9FFFA8-E7D7-4DED-AF97-B6C98FB5F3E0}.Release|Any CPU.Build.0 = Release|Any CPU
		{FA9FFFA8-E7D7-4DED-AF97-B6C98FB5F3E0}.Release|x64.ActiveCfg = Release|Any CPU
		{FA9FFFA8-E7D7-4DED-AF97-B6C98FB5F3E0}.Release|x64.Build.0 = Release|Any CPU
		{FA9FFFA8-E7D7-4DED-AF97-B6C98FB5F3E0}.Release|x86.ActiveCfg = Release|Any CPU
		{FA9FFFA8-E7D7-4DED-AF97-B6C98FB5F3E0}.Release|x86.Build.0 = Release|Any CPU
		{F1310181-1856-4758-99B2-003450268403}.Debug|Any CPU.ActiveCfg = Debug|Any CPU
		{F1310181-1856-4758-99B2-003450268403}.Debug|Any CPU.Build.0 = Debug|Any CPU
		{F1310181-1856-4758-99B2-003450268403}.Debug|x64.ActiveCfg = Debug|Any CPU
		{F1310181-1856-4758-99B2-003450268403}.Debug|x64.Build.0 = Debug|Any CPU
		{F1310181-1856-4758-99B2-003450268403}.Debug|x86.ActiveCfg = Debug|Any CPU
		{F1310181-1856-4758-99B2-003450268403}.Debug|x86.Build.0 = Debug|Any CPU
		{F1310181-1856-4758-99B2-003450268403}.Release|Any CPU.ActiveCfg = Release|Any CPU
		{F1310181-1856-4758-99B2-003450268403}.Release|Any CPU.Build.0 = Release|Any CPU
		{F1310181-1856-4758-99B2-003450268403}.Release|x64.ActiveCfg = Release|Any CPU
		{F1310181-1856-4758-99B2-003450268403}.Release|x64.Build.0 = Release|Any CPU
		{F1310181-1856-4758-99B2-003450268403}.Release|x86.ActiveCfg = Release|Any CPU
		{F1310181-1856-4758-99B2-003450268403}.Release|x86.Build.0 = Release|Any CPU
		{440DC2DC-5E14-4771-B90C-031324EEB267}.Debug|Any CPU.ActiveCfg = Debug|Any CPU
		{440DC2DC-5E14-4771-B90C-031324EEB267}.Debug|Any CPU.Build.0 = Debug|Any CPU
		{440DC2DC-5E14-4771-B90C-031324EEB267}.Debug|x64.ActiveCfg = Debug|Any CPU
		{440DC2DC-5E14-4771-B90C-031324EEB267}.Debug|x64.Build.0 = Debug|Any CPU
		{440DC2DC-5E14-4771-B90C-031324EEB267}.Debug|x86.ActiveCfg = Debug|Any CPU
		{440DC2DC-5E14-4771-B90C-031324EEB267}.Debug|x86.Build.0 = Debug|Any CPU
		{440DC2DC-5E14-4771-B90C-031324EEB267}.Release|Any CPU.ActiveCfg = Release|Any CPU
		{440DC2DC-5E14-4771-B90C-031324EEB267}.Release|Any CPU.Build.0 = Release|Any CPU
		{440DC2DC-5E14-4771-B90C-031324EEB267}.Release|x64.ActiveCfg = Release|Any CPU
		{440DC2DC-5E14-4771-B90C-031324EEB267}.Release|x64.Build.0 = Release|Any CPU
		{440DC2DC-5E14-4771-B90C-031324EEB267}.Release|x86.ActiveCfg = Release|Any CPU
		{440DC2DC-5E14-4771-B90C-031324EEB267}.Release|x86.Build.0 = Release|Any CPU
	EndGlobalSection
	GlobalSection(SolutionProperties) = preSolution
		HideSolutionNode = FALSE
	EndGlobalSection
	GlobalSection(ExtensibilityGlobals) = postSolution
		SolutionGuid = {2A950EA9-5148-4F0E-B35D-E440FF2A2292}
	EndGlobalSection
	GlobalSection(NestedProjects) = preSolution
		{440DC2DC-5E14-4771-B90C-031324EEB267} = {145D7278-009A-41B4-B468-9588A8997735}
	EndGlobalSection
EndGlobal
